// !$*UTF8*$!
{
	archiveVersion = 1;
	classes = {
	};
	objectVersion = 50;
	objects = {

/* Begin PBXBuildFile section */
		E6AD981F20F8C2A800A58CFD /* AppDelegate.swift in Sources */ = {isa = PBXBuildFile; fileRef = E6AD981E20F8C2A800A58CFD /* AppDelegate.swift */; };
		E6AD982120F8C2A800A58CFD /* art.scnassets in Resources */ = {isa = PBXBuildFile; fileRef = E6AD982020F8C2A800A58CFD /* art.scnassets */; };
		E6AD982320F8C2A800A58CFD /* ViewController.swift in Sources */ = {isa = PBXBuildFile; fileRef = E6AD982220F8C2A800A58CFD /* ViewController.swift */; };
		E6AD982620F8C2A800A58CFD /* Main.storyboard in Resources */ = {isa = PBXBuildFile; fileRef = E6AD982420F8C2A800A58CFD /* Main.storyboard */; };
		E6AD982820F8C2AA00A58CFD /* Assets.xcassets in Resources */ = {isa = PBXBuildFile; fileRef = E6AD982720F8C2AA00A58CFD /* Assets.xcassets */; };
		E6AD982B20F8C2AA00A58CFD /* LaunchScreen.storyboard in Resources */ = {isa = PBXBuildFile; fileRef = E6AD982920F8C2AA00A58CFD /* LaunchScreen.storyboard */; };
/* End PBXBuildFile section */

/* Begin PBXFileReference section */
		E6AD981B20F8C2A800A58CFD /* DiceAR.app */ = {isa = PBXFileReference; explicitFileType = wrapper.application; includeInIndex = 0; path = DiceAR.app; sourceTree = BUILT_PRODUCTS_DIR; };
		E6AD981E20F8C2A800A58CFD /* AppDelegate.swift */ = {isa = PBXFileReference; lastKnownFileType = sourcecode.swift; path = AppDelegate.swift; sourceTree = "<group>"; };
		E6AD982020F8C2A800A58CFD /* art.scnassets */ = {isa = PBXFileReference; lastKnownFileType = wrapper.scnassets; path = art.scnassets; sourceTree = "<group>"; };
		E6AD982220F8C2A800A58CFD /* ViewController.swift */ = {isa = PBXFileReference; lastKnownFileType = sourcecode.swift; path = ViewController.swift; sourceTree = "<group>"; };
		E6AD982520F8C2A800A58CFD /* Base */ = {isa = PBXFileReference; lastKnownFileType = file.storyboard; name = Base; path = Base.lproj/Main.storyboard; sourceTree = "<group>"; };
		E6AD982720F8C2AA00A58CFD /* Assets.xcassets */ = {isa = PBXFileReference; lastKnownFileType = folder.assetcatalog; path = Assets.xcassets; sourceTree = "<group>"; };
		E6AD982A20F8C2AA00A58CFD /* Base */ = {isa = PBXFileReference; lastKnownFileType = file.storyboard; name = Base; path = Base.lproj/LaunchScreen.storyboard; sourceTree = "<group>"; };
		E6AD982C20F8C2AA00A58CFD /* Info.plist */ = {isa = PBXFileReference; lastKnownFileType = text.plist.xml; path = Info.plist; sourceTree = "<group>"; };
/* End PBXFileReference section */

/* Begin PBXFrameworksBuildPhase section */
		E6AD981820F8C2A800A58CFD /* Frameworks */ = {
			isa = PBXFrameworksBuildPhase;
			buildActionMask = 2147483647;
			files = (
			);
			runOnlyForDeploymentPostprocessing = 0;
		};
/* End PBXFrameworksBuildPhase section */

/* Begin PBXGroup section */
		E6AD981220F8C2A800A58CFD = {
			isa = PBXGroup;
			children = (
				E6AD981D20F8C2A800A58CFD /* DiceAR */,
				E6AD981C20F8C2A800A58CFD /* Products */,
			);
			sourceTree = "<group>";
		};
		E6AD981C20F8C2A800A58CFD /* Products */ = {
			isa = PBXGroup;
			children = (
				E6AD981B20F8C2A800A58CFD /* DiceAR.app */,
			);
			name = Products;
			sourceTree = "<group>";
		};
		E6AD981D20F8C2A800A58CFD /* DiceAR */ = {
			isa = PBXGroup;
			children = (
				E6AD981E20F8C2A800A58CFD /* AppDelegate.swift */,
				E6AD982020F8C2A800A58CFD /* art.scnassets */,
				E6AD982220F8C2A800A58CFD /* ViewController.swift */,
				E6AD982420F8C2A800A58CFD /* Main.storyboard */,
				E6AD982720F8C2AA00A58CFD /* Assets.xcassets */,
				E6AD982920F8C2AA00A58CFD /* LaunchScreen.storyboard */,
				E6AD982C20F8C2AA00A58CFD /* Info.plist */,
			);
			path = DiceAR;
			sourceTree = "<group>";
		};
/* End PBXGroup section */

/* Begin PBXNativeTarget section */
		E6AD981A20F8C2A800A58CFD /* DiceAR */ = {
			isa = PBXNativeTarget;
			buildConfigurationList = E6AD982F20F8C2AA00A58CFD /* Build configuration list for PBXNativeTarget "DiceAR" */;
			buildPhases = (
				E6AD981720F8C2A800A58CFD /* Sources */,
				E6AD981820F8C2A800A58CFD /* Frameworks */,
				E6AD981920F8C2A800A58CFD /* Resources */,
			);
			buildRules = (
			);
			dependencies = (
			);
			name = DiceAR;
			productName = DiceAR;
			productReference = E6AD981B20F8C2A800A58CFD /* DiceAR.app */;
			productType = "com.apple.product-type.application";
		};
/* End PBXNativeTarget section */

/* Begin PBXProject section */
		E6AD981320F8C2A800A58CFD /* Project object */ = {
			isa = PBXProject;
			attributes = {
				LastSwiftUpdateCheck = 0940;
				LastUpgradeCheck = 0940;
				ORGANIZATIONNAME = "Alex Busol";
				TargetAttributes = {
					E6AD981A20F8C2A800A58CFD = {
						CreatedOnToolsVersion = 9.4.1;
					};
				};
			};
			buildConfigurationList = E6AD981620F8C2A800A58CFD /* Build configuration list for PBXProject "DiceAR" */;
			compatibilityVersion = "Xcode 9.3";
			developmentRegion = en;
			hasScannedForEncodings = 0;
			knownRegions = (
				en,
				Base,
			);
			mainGroup = E6AD981220F8C2A800A58CFD;
			productRefGroup = E6AD981C20F8C2A800A58CFD /* Products */;
			projectDirPath = "";
			projectRoot = "";
			targets = (
				E6AD981A20F8C2A800A58CFD /* DiceAR */,
			);
		};
/* End PBXProject section */

/* Begin PBXResourcesBuildPhase section */
		E6AD981920F8C2A800A58CFD /* Resources */ = {
			isa = PBXResourcesBuildPhase;
			buildActionMask = 2147483647;
			files = (
				E6AD982120F8C2A800A58CFD /* art.scnassets in Resources */,
				E6AD982B20F8C2AA00A58CFD /* LaunchScreen.storyboard in Resources */,
				E6AD982820F8C2AA00A58CFD /* Assets.xcassets in Resources */,
				E6AD982620F8C2A800A58CFD /* Main.storyboard in Resources */,
			);
			runOnlyForDeploymentPostprocessing = 0;
		};
/* End PBXResourcesBuildPhase section */

/* Begin PBXSourcesBuildPhase section */
		E6AD981720F8C2A800A58CFD /* Sources */ = {
			isa = PBXSourcesBuildPhase;
			buildActionMask = 2147483647;
			files = (
				E6AD982320F8C2A800A58CFD /* ViewController.swift in Sources */,
				E6AD981F20F8C2A800A58CFD /* AppDelegate.swift in Sources */,
			);
			runOnlyForDeploymentPostprocessing = 0;
		};
/* End PBXSourcesBuildPhase section */

/* Begin PBXVariantGroup section */
		E6AD982420F8C2A800A58CFD /* Main.storyboard */ = {
			isa = PBXVariantGroup;
			children = (
				E6AD982520F8C2A800A58CFD /* Base */,
			);
			name = Main.storyboard;
			sourceTree = "<group>";
		};
		E6AD982920F8C2AA00A58CFD /* LaunchScreen.storyboard */ = {
			isa = PBXVariantGroup;
			children = (
				E6AD982A20F8C2AA00A58CFD /* Base */,
			);
			name = LaunchScreen.storyboard;
			sourceTree = "<group>";
		};
/* End PBXVariantGroup section */

/* Begin XCBuildConfiguration section */
		E6AD982D20F8C2AA00A58CFD /* Debug */ = {
			isa = XCBuildConfiguration;
			buildSettings = {
				ALWAYS_SEARCH_USER_PATHS = NO;
				CLANG_ANALYZER_NONNULL = YES;
				CLANG_ANALYZER_NUMBER_OBJECT_CONVERSION = YES_AGGRESSIVE;
				CLANG_CXX_LANGUAGE_STANDARD = "gnu++14";
				CLANG_CXX_LIBRARY = "libc++";
				CLANG_ENABLE_MODULES = YES;
				CLANG_ENABLE_OBJC_ARC = YES;
				CLANG_ENABLE_OBJC_WEAK = YES;
				CLANG_WARN_BLOCK_CAPTURE_AUTORELEASING = YES;
				CLANG_WARN_BOOL_CONVERSION = YES;
				CLANG_WARN_COMMA = YES;
				CLANG_WARN_CONSTANT_CONVERSION = YES;
				CLANG_WARN_DEPRECATED_OBJC_IMPLEMENTATIONS = YES;
				CLANG_WARN_DIRECT_OBJC_ISA_USAGE = YES_ERROR;
				CLANG_WARN_DOCUMENTATION_COMMENTS = YES;
				CLANG_WARN_EMPTY_BODY = YES;
				CLANG_WARN_ENUM_CONVERSION = YES;
				CLANG_WARN_INFINITE_RECURSION = YES;
				CLANG_WARN_INT_CONVERSION = YES;
				CLANG_WARN_NON_LITERAL_NULL_CONVERSION = YES;
				CLANG_WARN_OBJC_IMPLICIT_RETAIN_SELF = YES;
				CLANG_WARN_OBJC_LITERAL_CONVERSION = YES;
				CLANG_WARN_OBJC_ROOT_CLASS = YES_ERROR;
				CLANG_WARN_RANGE_LOOP_ANALYSIS = YES;
				CLANG_WARN_STRICT_PROTOTYPES = YES;
				CLANG_WARN_SUSPICIOUS_MOVE = YES;
				CLANG_WARN_UNGUARDED_AVAILABILITY = YES_AGGRESSIVE;
				CLANG_WARN_UNREACHABLE_CODE = YES;
				CLANG_WARN__DUPLICATE_METHOD_MATCH = YES;
				CODE_SIGN_IDENTITY = "iPhone Developer";
				COPY_PHASE_STRIP = NO;
				DEBUG_INFORMATION_FORMAT = dwarf;
				ENABLE_STRICT_OBJC_MSGSEND = YES;
				ENABLE_TESTABILITY = YES;
				GCC_C_LANGUAGE_STANDARD = gnu11;
				GCC_DYNAMIC_NO_PIC = NO;
				GCC_NO_COMMON_BLOCKS = YES;
				GCC_OPTIMIZATION_LEVEL = 0;
				GCC_PREPROCESSOR_DEFINITIONS = (
					"DEBUG=1",
					"$(inherited)",
				);
				GCC_WARN_64_TO_32_BIT_CONVERSION = YES;
				GCC_WARN_ABOUT_RETURN_TYPE = YES_ERROR;
				GCC_WARN_UNDECLARED_SELECTOR = YES;
				GCC_WARN_UNINITIALIZED_AUTOS = YES_AGGRESSIVE;
				GCC_WARN_UNUSED_FUNCTION = YES;
				GCC_WARN_UNUSED_VARIABLE = YES;
				IPHONEOS_DEPLOYMENT_TARGET = 11.4;
				MTL_ENABLE_DEBUG_INFO = YES;
				ONLY_ACTIVE_ARCH = YES;
				SDKROOT = iphoneos;
				SWIFT_ACTIVE_COMPILATION_CONDITIONS = DEBUG;
				SWIFT_OPTIMIZATION_LEVEL = "-Onone";
			};
			name = Debug;
		};
		E6AD982E20F8C2AA00A58CFD /* Release */ = {
			isa = XCBuildConfiguration;
			buildSettings = {
				ALWAYS_SEARCH_USER_PATHS = NO;
				CLANG_ANALYZER_NONNULL = YES;
				CLANG_ANALYZER_NUMBER_OBJECT_CONVERSION = YES_AGGRESSIVE;
				CLANG_CXX_LANGUAGE_STANDARD = "gnu++14";
				CLANG_CXX_LIBRARY = "libc++";
				CLANG_ENABLE_MODULES = YES;
				CLANG_ENABLE_OBJC_ARC = YES;
				CLANG_ENABLE_OBJC_WEAK = YES;
				CLANG_WARN_BLOCK_CAPTURE_AUTORELEASING = YES;
				CLANG_WARN_BOOL_CONVERSION = YES;
				CLANG_WARN_COMMA = YES;
				CLANG_WARN_CONSTANT_CONVERSION = YES;
				CLANG_WARN_DEPRECATED_OBJC_IMPLEMENTATIONS = YES;
				CLANG_WARN_DIRECT_OBJC_ISA_USAGE = YES_ERROR;
				CLANG_WARN_DOCUMENTATION_COMMENTS = YES;
				CLANG_WARN_EMPTY_BODY = YES;
				CLANG_WARN_ENUM_CONVERSION = YES;
				CLANG_WARN_INFINITE_RECURSION = YES;
				CLANG_WARN_INT_CONVERSION = YES;
				CLANG_WARN_NON_LITERAL_NULL_CONVERSION = YES;
				CLANG_WARN_OBJC_IMPLICIT_RETAIN_SELF = YES;
				CLANG_WARN_OBJC_LITERAL_CONVERSION = YES;
				CLANG_WARN_OBJC_ROOT_CLASS = YES_ERROR;
				CLANG_WARN_RANGE_LOOP_ANALYSIS = YES;
				CLANG_WARN_STRICT_PROTOTYPES = YES;
				CLANG_WARN_SUSPICIOUS_MOVE = YES;
				CLANG_WARN_UNGUARDED_AVAILABILITY = YES_AGGRESSIVE;
				CLANG_WARN_UNREACHABLE_CODE = YES;
				CLANG_WARN__DUPLICATE_METHOD_MATCH = YES;
				CODE_SIGN_IDENTITY = "iPhone Developer";
				COPY_PHASE_STRIP = NO;
				DEBUG_INFORMATION_FORMAT = "dwarf-with-dsym";
				ENABLE_NS_ASSERTIONS = NO;
				ENABLE_STRICT_OBJC_MSGSEND = YES;
				GCC_C_LANGUAGE_STANDARD = gnu11;
				GCC_NO_COMMON_BLOCKS = YES;
				GCC_WARN_64_TO_32_BIT_CONVERSION = YES;
				GCC_WARN_ABOUT_RETURN_TYPE = YES_ERROR;
				GCC_WARN_UNDECLARED_SELECTOR = YES;
				GCC_WARN_UNINITIALIZED_AUTOS = YES_AGGRESSIVE;
				GCC_WARN_UNUSED_FUNCTION = YES;
				GCC_WARN_UNUSED_VARIABLE = YES;
				IPHONEOS_DEPLOYMENT_TARGET = 11.4;
				MTL_ENABLE_DEBUG_INFO = NO;
				SDKROOT = iphoneos;
				SWIFT_COMPILATION_MODE = wholemodule;
				SWIFT_OPTIMIZATION_LEVEL = "-O";
				VALIDATE_PRODUCT = YES;
			};
			name = Release;
		};
		E6AD983020F8C2AA00A58CFD /* Debug */ = {
			isa = XCBuildConfiguration;
			buildSettings = {
				ASSETCATALOG_COMPILER_APPICON_NAME = AppIcon;
				CODE_SIGN_STYLE = Automatic;
				DEVELOPMENT_TEAM = JK2WXRB899;
				INFOPLIST_FILE = DiceAR/Info.plist;
				LD_RUNPATH_SEARCH_PATHS = (
					"$(inherited)",
					"@executable_path/Frameworks",
				);
				PRODUCT_BUNDLE_IDENTIFIER = alexbusol.DiceAR;
				PRODUCT_NAME = "$(TARGET_NAME)";
				SWIFT_VERSION = 4.0;
				TARGETED_DEVICE_FAMILY = "1,2";
			};
			name = Debug;
		};
		E6AD983120F8C2AA00A58CFD /* Release */ = {
			isa = XCBuildConfiguration;
			buildSettings = {
				ASSETCATALOG_COMPILER_APPICON_NAME = AppIcon;
				CODE_SIGN_STYLE = Automatic;
				DEVELOPMENT_TEAM = JK2WXRB899;
				INFOPLIST_FILE = DiceAR/Info.plist;
				LD_RUNPATH_SEARCH_PATHS = (
					"$(inherited)",
					"@executable_path/Frameworks",
				);
				PRODUCT_BUNDLE_IDENTIFIER = alexbusol.DiceAR;
				PRODUCT_NAME = "$(TARGET_NAME)";
				SWIFT_VERSION = 4.0;
				TARGETED_DEVICE_FAMILY = "1,2";
			};
			name = Release;
		};
/* End XCBuildConfiguration section */

/* Begin XCConfigurationList section */
		E6AD981620F8C2A800A58CFD /* Build configuration list for PBXProject "DiceAR" */ = {
			isa = XCConfigurationList;
			buildConfigurations = (
				E6AD982D20F8C2AA00A58CFD /* Debug */,
				E6AD982E20F8C2AA00A58CFD /* Release */,
			);
			defaultConfigurationIsVisible = 0;
			defaultConfigurationName = Release;
		};
		E6AD982F20F8C2AA00A58CFD /* Build configuration list for PBXNativeTarget "DiceAR" */ = {
			isa = XCConfigurationList;
			buildConfigurations = (
				E6AD983020F8C2AA00A58CFD /* Debug */,
				E6AD983120F8C2AA00A58CFD /* Release */,
			);
			defaultConfigurationIsVisible = 0;
			defaultConfigurationName = Release;
		};
/* End XCConfigurationList section */
	};
	rootObject = E6AD981320F8C2A800A58CFD /* Project object */;
}
